
Microsoft Visual Studio Solution File, Format Version 12.00
# Visual Studio Version 17
VisualStudioVersion = 17.2.32519.379
MinimumVisualStudioVersion = 10.0.40219.1
Project("{9A19103F-16F7-4668-BE54-9A1E7A4F7556}") = "KampIntro", "KampIntro\KampIntro.csproj", "{C7CBA098-EC78-47C4-89BC-4E64E969434F}"
EndProject
Project("{9A19103F-16F7-4668-BE54-9A1E7A4F7556}") = "Donguler", "Donguler\Donguler.csproj", "{9E643C46-F4F4-4810-A152-5E1D4E392F88}"
EndProject
Project("{9A19103F-16F7-4668-BE54-9A1E7A4F7556}") = "ClassIntro", "ClassIntro\ClassIntro.csproj", "{56D1DB51-E74C-49FA-9383-845D84EE619E}"
EndProject
Project("{9A19103F-16F7-4668-BE54-9A1E7A4F7556}") = "HomeWork", "HomeWork\HomeWork.csproj", "{A58A3AED-0A43-4D98-8FBF-F37BF8E3DFA9}"
EndProject
Project("{9A19103F-16F7-4668-BE54-9A1E7A4F7556}") = "Metotlar", "Metotlar\Metotlar.csproj", "{B4E25B58-D6E7-4F66-B58B-AF4A0F4E5C3E}"
EndProject
Project("{9A19103F-16F7-4668-BE54-9A1E7A4F7556}") = "Matematik", "Matematik\Matematik.csproj", "{1FCEBF7C-E53D-4CC8-A7D6-62C99F617B56}"
EndProject
Project("{9A19103F-16F7-4668-BE54-9A1E7A4F7556}") = "DegerVeReferansTipler", "DegerVeReferansTipler\DegerVeReferansTipler.csproj", "{977F12C2-DB51-40E3-89AF-E9FAB3C8A5E3}"
EndProject
Project("{9A19103F-16F7-4668-BE54-9A1E7A4F7556}") = "ClassMethodDemo", "ClassMethodDemo\ClassMethodDemo.csproj", "{AB95DB70-7CF5-4875-B723-6DD830114F9B}"
EndProject
Project("{9A19103F-16F7-4668-BE54-9A1E7A4F7556}") = "OOP1", "OOP1\OOP1.csproj", "{351A785B-B91F-4154-A01E-9CC494F70542}"
EndProject
Project("{9A19103F-16F7-4668-BE54-9A1E7A4F7556}") = "Koleksiyonlar", "Koleksiyonlar\Koleksiyonlar.csproj", "{D3B5F99B-5F39-4DAC-8DE2-7EE46B9BC306}"
EndProject
Project("{9A19103F-16F7-4668-BE54-9A1E7A4F7556}") = "GenericsIntro", "GenericsIntro\GenericsIntro.csproj", "{CA0325D9-C5B7-48D2-BB44-925CBA200F9A}"
EndProject
Project("{FAE04EC0-301F-11D3-BF4B-00C04F79EFBC}") = "HomeWork2MyDİctionary", "HomeWork2MyDİctionary\HomeWork2MyDİctionary.csproj", "{AFE357D3-1702-4BB6-8128-77AED1E0D0DB}"
EndProject
Project("{FAE04EC0-301F-11D3-BF4B-00C04F79EFBC}") = "OOP2", "OOP2\OOP2.csproj", "{B314EBC1-4960-41F5-8968-295662DBD680}"
EndProject
Project("{FAE04EC0-301F-11D3-BF4B-00C04F79EFBC}") = "OOP3", "OOP3\OOP3.csproj", "{A20A5FEC-5863-40EE-8C5E-7C34772A693F}"
EndProject
Global
	GlobalSection(SolutionConfigurationPlatforms) = preSolution
		Debug|Any CPU = Debug|Any CPU
		Release|Any CPU = Release|Any CPU
	EndGlobalSection
	GlobalSection(ProjectConfigurationPlatforms) = postSolution
		{C7CBA098-EC78-47C4-89BC-4E64E969434F}.Debug|Any CPU.ActiveCfg = Debug|Any CPU
		{C7CBA098-EC78-47C4-89BC-4E64E969434F}.Debug|Any CPU.Build.0 = Debug|Any CPU
		{C7CBA098-EC78-47C4-89BC-4E64E969434F}.Release|Any CPU.ActiveCfg = Release|Any CPU
		{C7CBA098-EC78-47C4-89BC-4E64E969434F}.Release|Any CPU.Build.0 = Release|Any CPU
		{9E643C46-F4F4-4810-A152-5E1D4E392F88}.Debug|Any CPU.ActiveCfg = Debug|Any CPU
		{9E643C46-F4F4-4810-A152-5E1D4E392F88}.Debug|Any CPU.Build.0 = Debug|Any CPU
		{9E643C46-F4F4-4810-A152-5E1D4E392F88}.Release|Any CPU.ActiveCfg = Release|Any CPU
		{9E643C46-F4F4-4810-A152-5E1D4E392F88}.Release|Any CPU.Build.0 = Release|Any CPU
		{56D1DB51-E74C-49FA-9383-845D84EE619E}.Debug|Any CPU.ActiveCfg = Debug|Any CPU
		{56D1DB51-E74C-49FA-9383-845D84EE619E}.Debug|Any CPU.Build.0 = Debug|Any CPU
		{56D1DB51-E74C-49FA-9383-845D84EE619E}.Release|Any CPU.ActiveCfg = Release|Any CPU
		{56D1DB51-E74C-49FA-9383-845D84EE619E}.Release|Any CPU.Build.0 = Release|Any CPU
		{A58A3AED-0A43-4D98-8FBF-F37BF8E3DFA9}.Debug|Any CPU.ActiveCfg = Debug|Any CPU
		{A58A3AED-0A43-4D98-8FBF-F37BF8E3DFA9}.Debug|Any CPU.Build.0 = Debug|Any CPU
		{A58A3AED-0A43-4D98-8FBF-F37BF8E3DFA9}.Release|Any CPU.ActiveCfg = Release|Any CPU
		{A58A3AED-0A43-4D98-8FBF-F37BF8E3DFA9}.Release|Any CPU.Build.0 = Release|Any CPU
		{B4E25B58-D6E7-4F66-B58B-AF4A0F4E5C3E}.Debug|Any CPU.ActiveCfg = Debug|Any CPU
		{B4E25B58-D6E7-4F66-B58B-AF4A0F4E5C3E}.Debug|Any CPU.Build.0 = Debug|Any CPU
		{B4E25B58-D6E7-4F66-B58B-AF4A0F4E5C3E}.Release|Any CPU.ActiveCfg = Release|Any CPU
		{B4E25B58-D6E7-4F66-B58B-AF4A0F4E5C3E}.Release|Any CPU.Build.0 = Release|Any CPU
		{1FCEBF7C-E53D-4CC8-A7D6-62C99F617B56}.Debug|Any CPU.ActiveCfg = Debug|Any CPU
		{1FCEBF7C-E53D-4CC8-A7D6-62C99F617B56}.Debug|Any CPU.Build.0 = Debug|Any CPU
		{1FCEBF7C-E53D-4CC8-A7D6-62C99F617B56}.Release|Any CPU.ActiveCfg = Release|Any CPU
		{1FCEBF7C-E53D-4CC8-A7D6-62C99F617B56}.Release|Any CPU.Build.0 = Release|Any CPU
		{977F12C2-DB51-40E3-89AF-E9FAB3C8A5E3}.Debug|Any CPU.ActiveCfg = Debug|Any CPU
		{977F12C2-DB51-40E3-89AF-E9FAB3C8A5E3}.Debug|Any CPU.Build.0 = Debug|Any CPU
		{977F12C2-DB51-40E3-89AF-E9FAB3C8A5E3}.Release|Any CPU.ActiveCfg = Release|Any CPU
		{977F12C2-DB51-40E3-89AF-E9FAB3C8A5E3}.Release|Any CPU.Build.0 = Release|Any CPU
		{AB95DB70-7CF5-4875-B723-6DD830114F9B}.Debug|Any CPU.ActiveCfg = Debug|Any CPU
		{AB95DB70-7CF5-4875-B723-6DD830114F9B}.Debug|Any CPU.Build.0 = Debug|Any CPU
		{AB95DB70-7CF5-4875-B723-6DD830114F9B}.Release|Any CPU.ActiveCfg = Release|Any CPU
		{AB95DB70-7CF5-4875-B723-6DD830114F9B}.Release|Any CPU.Build.0 = Release|Any CPU
		{351A785B-B91F-4154-A01E-9CC494F70542}.Debug|Any CPU.ActiveCfg = Debug|Any CPU
		{351A785B-B91F-4154-A01E-9CC494F70542}.Debug|Any CPU.Build.0 = Debug|Any CPU
		{351A785B-B91F-4154-A01E-9CC494F70542}.Release|Any CPU.ActiveCfg = Release|Any CPU
		{351A785B-B91F-4154-A01E-9CC494F70542}.Release|Any CPU.Build.0 = Release|Any CPU
		{D3B5F99B-5F39-4DAC-8DE2-7EE46B9BC306}.Debug|Any CPU.ActiveCfg = Debug|Any CPU
		{D3B5F99B-5F39-4DAC-8DE2-7EE46B9BC306}.Debug|Any CPU.Build.0 = Debug|Any CPU
		{D3B5F99B-5F39-4DAC-8DE2-7EE46B9BC306}.Release|Any CPU.ActiveCfg = Release|Any CPU
		{D3B5F99B-5F39-4DAC-8DE2-7EE46B9BC306}.Release|Any CPU.Build.0 = Release|Any CPU
		{CA0325D9-C5B7-48D2-BB44-925CBA200F9A}.Debug|Any CPU.ActiveCfg = Debug|Any CPU
		{CA0325D9-C5B7-48D2-BB44-925CBA200F9A}.Debug|Any CPU.Build.0 = Debug|Any CPU
		{CA0325D9-C5B7-48D2-BB44-925CBA200F9A}.Release|Any CPU.ActiveCfg = Release|Any CPU
		{CA0325D9-C5B7-48D2-BB44-925CBA200F9A}.Release|Any CPU.Build.0 = Release|Any CPU
		{AFE357D3-1702-4BB6-8128-77AED1E0D0DB}.Debug|Any CPU.ActiveCfg = Debug|Any CPU
		{AFE357D3-1702-4BB6-8128-77AED1E0D0DB}.Debug|Any CPU.Build.0 = Debug|Any CPU
		{AFE357D3-1702-4BB6-8128-77AED1E0D0DB}.Release|Any CPU.ActiveCfg = Release|Any CPU
		{AFE357D3-1702-4BB6-8128-77AED1E0D0DB}.Release|Any CPU.Build.0 = Release|Any CPU
		{B314EBC1-4960-41F5-8968-295662DBD680}.Debug|Any CPU.ActiveCfg = Debug|Any CPU
		{B314EBC1-4960-41F5-8968-295662DBD680}.Debug|Any CPU.Build.0 = Debug|Any CPU
		{B314EBC1-4960-41F5-8968-295662DBD680}.Release|Any CPU.ActiveCfg = Release|Any CPU
		{B314EBC1-4960-41F5-8968-295662DBD680}.Release|Any CPU.Build.0 = Release|Any CPU
		{A20A5FEC-5863-40EE-8C5E-7C34772A693F}.Debug|Any CPU.ActiveCfg = Debug|Any CPU
		{A20A5FEC-5863-40EE-8C5E-7C34772A693F}.Debug|Any CPU.Build.0 = Debug|Any CPU
		{A20A5FEC-5863-40EE-8C5E-7C34772A693F}.Release|Any CPU.ActiveCfg = Release|Any CPU
		{A20A5FEC-5863-40EE-8C5E-7C34772A693F}.Release|Any CPU.Build.0 = Release|Any CPU
	EndGlobalSection
	GlobalSection(SolutionProperties) = preSolution
		HideSolutionNode = FALSE
	EndGlobalSection
	GlobalSection(ExtensibilityGlobals) = postSolution
		SolutionGuid = {50090D41-93F0-41B9-B189-3A8BFC6B0E7C}
	EndGlobalSection
EndGlobal
